
Microsoft Visual Studio Solution File, Format Version 12.00
# Visual Studio Version 16
VisualStudioVersion = 16.0.29609.76
MinimumVisualStudioVersion = 10.0.40219.1
Project("{FAE04EC0-301F-11D3-BF4B-00C04F79EFBC}") = "rev2-Labtool(Framework)", "rev2-Labtool(Framework).csproj", "{4DC1BFA1-2151-4BB7-9E05-EC9E32789AB2}"
EndProject
Global
	GlobalSection(SolutionConfigurationPlatforms) = preSolution
		Debug|Any CPU = Debug|Any CPU
		Release|Any CPU = Release|Any CPU
	EndGlobalSection
	GlobalSection(ProjectConfigurationPlatforms) = postSolution
		{4DC1BFA1-2151-4BB7-9E05-EC9E32789AB2}.Debug|Any CPU.ActiveCfg = Debug|Any CPU
		{4DC1BFA1-2151-4BB7-9E05-EC9E32789AB2}.Debug|Any CPU.Build.0 = Debug|Any CPU
		{4DC1BFA1-2151-4BB7-9E05-EC9E32789AB2}.Release|Any CPU.ActiveCfg = Release|Any CPU
		{4DC1BFA1-2151-4BB7-9E05-EC9E32789AB2}.Release|Any CPU.Build.0 = Release|Any CPU
	EndGlobalSection
	GlobalSection(SolutionProperties) = preSolution
		HideSolutionNode = FALSE
	EndGlobalSection
	GlobalSection(ExtensibilityGlobals) = postSolution
		SolutionGuid = {676F0913-8685-4250-8383-8D03C353C544}
	EndGlobalSection
EndGlobal
